// !$*UTF8*$!
{
	archiveVersion = 1;
	classes = {
	};
	objectVersion = 46;
	objects = {

/* Begin PBXBuildFile section */
		17E0D1C86B2A712E00E4AE90 /* Pods_FireChat.framework in Frameworks */ = {isa = PBXBuildFile; fileRef = 932991AB3D5ABD1AADAA10BF /* Pods_FireChat.framework */; };
		364AEBF01F5D29D3009BC686 /* GoogleService-Info.plist in Resources */ = {isa = PBXBuildFile; fileRef = 364AEBEF1F5D29D3009BC686 /* GoogleService-Info.plist */; };
		364AEBF31F5D4033009BC686 /* AnonymousLoginVC.swift in Sources */ = {isa = PBXBuildFile; fileRef = 364AEBF21F5D4033009BC686 /* AnonymousLoginVC.swift */; };
		364AEBF51F5D479D009BC686 /* TopicsController.swift in Sources */ = {isa = PBXBuildFile; fileRef = 364AEBF41F5D479D009BC686 /* TopicsController.swift */; };
		364AEBF81F5D5716009BC686 /* NewTopicCell.swift in Sources */ = {isa = PBXBuildFile; fileRef = 364AEBF71F5D5716009BC686 /* NewTopicCell.swift */; };
		364AEBFA1F5D5727009BC686 /* TopicCell.swift in Sources */ = {isa = PBXBuildFile; fileRef = 364AEBF91F5D5727009BC686 /* TopicCell.swift */; };
		364AEBFE1F5D6F40009BC686 /* Topic.swift in Sources */ = {isa = PBXBuildFile; fileRef = 364AEBFD1F5D6F40009BC686 /* Topic.swift */; };
		36E007051F5D269F00DB3B79 /* AppDelegate.swift in Sources */ = {isa = PBXBuildFile; fileRef = 36E007041F5D269F00DB3B79 /* AppDelegate.swift */; };
		36E0070A1F5D269F00DB3B79 /* Main.storyboard in Resources */ = {isa = PBXBuildFile; fileRef = 36E007081F5D269F00DB3B79 /* Main.storyboard */; };
		36E0070C1F5D269F00DB3B79 /* Assets.xcassets in Resources */ = {isa = PBXBuildFile; fileRef = 36E0070B1F5D269F00DB3B79 /* Assets.xcassets */; };
		36E0070F1F5D269F00DB3B79 /* LaunchScreen.storyboard in Resources */ = {isa = PBXBuildFile; fileRef = 36E0070D1F5D269F00DB3B79 /* LaunchScreen.storyboard */; };
/* End PBXBuildFile section */

/* Begin PBXFileReference section */
		1965AF203E40EE2C45E1B1AF /* Pods-FireChat.release.xcconfig */ = {isa = PBXFileReference; includeInIndex = 1; lastKnownFileType = text.xcconfig; name = "Pods-FireChat.release.xcconfig"; path = "Pods/Target Support Files/Pods-FireChat/Pods-FireChat.release.xcconfig"; sourceTree = "<group>"; };
		364AEBEF1F5D29D3009BC686 /* GoogleService-Info.plist */ = {isa = PBXFileReference; fileEncoding = 4; lastKnownFileType = text.plist.xml; path = "GoogleService-Info.plist"; sourceTree = "<group>"; };
		364AEBF21F5D4033009BC686 /* AnonymousLoginVC.swift */ = {isa = PBXFileReference; fileEncoding = 4; lastKnownFileType = sourcecode.swift; path = AnonymousLoginVC.swift; sourceTree = "<group>"; };
		364AEBF41F5D479D009BC686 /* TopicsController.swift */ = {isa = PBXFileReference; fileEncoding = 4; lastKnownFileType = sourcecode.swift; path = TopicsController.swift; sourceTree = "<group>"; };
		364AEBF71F5D5716009BC686 /* NewTopicCell.swift */ = {isa = PBXFileReference; fileEncoding = 4; lastKnownFileType = sourcecode.swift; path = NewTopicCell.swift; sourceTree = "<group>"; };
		364AEBF91F5D5727009BC686 /* TopicCell.swift */ = {isa = PBXFileReference; fileEncoding = 4; lastKnownFileType = sourcecode.swift; path = TopicCell.swift; sourceTree = "<group>"; };
		364AEBFD1F5D6F40009BC686 /* Topic.swift */ = {isa = PBXFileReference; fileEncoding = 4; lastKnownFileType = sourcecode.swift; path = Topic.swift; sourceTree = "<group>"; };
		36E007011F5D269F00DB3B79 /* FireChat.app */ = {isa = PBXFileReference; explicitFileType = wrapper.application; includeInIndex = 0; path = FireChat.app; sourceTree = BUILT_PRODUCTS_DIR; };
		36E007041F5D269F00DB3B79 /* AppDelegate.swift */ = {isa = PBXFileReference; lastKnownFileType = sourcecode.swift; path = AppDelegate.swift; sourceTree = "<group>"; };
		36E007091F5D269F00DB3B79 /* Base */ = {isa = PBXFileReference; lastKnownFileType = file.storyboard; name = Base; path = Base.lproj/Main.storyboard; sourceTree = "<group>"; };
		36E0070B1F5D269F00DB3B79 /* Assets.xcassets */ = {isa = PBXFileReference; lastKnownFileType = folder.assetcatalog; path = Assets.xcassets; sourceTree = "<group>"; };
		36E0070E1F5D269F00DB3B79 /* Base */ = {isa = PBXFileReference; lastKnownFileType = file.storyboard; name = Base; path = Base.lproj/LaunchScreen.storyboard; sourceTree = "<group>"; };
		36E007101F5D269F00DB3B79 /* Info.plist */ = {isa = PBXFileReference; lastKnownFileType = text.plist.xml; path = Info.plist; sourceTree = "<group>"; };
		36E007161F5D26D900DB3B79 /* FireChat.entitlements */ = {isa = PBXFileReference; lastKnownFileType = text.plist.entitlements; path = FireChat.entitlements; sourceTree = "<group>"; };
		932991AB3D5ABD1AADAA10BF /* Pods_FireChat.framework */ = {isa = PBXFileReference; explicitFileType = wrapper.framework; includeInIndex = 0; path = Pods_FireChat.framework; sourceTree = BUILT_PRODUCTS_DIR; };
		E2418D2880B2DC55CA591103 /* Pods-FireChat.debug.xcconfig */ = {isa = PBXFileReference; includeInIndex = 1; lastKnownFileType = text.xcconfig; name = "Pods-FireChat.debug.xcconfig"; path = "Pods/Target Support Files/Pods-FireChat/Pods-FireChat.debug.xcconfig"; sourceTree = "<group>"; };
/* End PBXFileReference section */

/* Begin PBXFrameworksBuildPhase section */
		36E006FE1F5D269F00DB3B79 /* Frameworks */ = {
			isa = PBXFrameworksBuildPhase;
			buildActionMask = 2147483647;
			files = (
				17E0D1C86B2A712E00E4AE90 /* Pods_FireChat.framework in Frameworks */,
			);
			runOnlyForDeploymentPostprocessing = 0;
		};
/* End PBXFrameworksBuildPhase section */

/* Begin PBXGroup section */
		364AEBF11F5D35FF009BC686 /* controllers */ = {
			isa = PBXGroup;
			children = (
				364AEBF21F5D4033009BC686 /* AnonymousLoginVC.swift */,
				364AEBF41F5D479D009BC686 /* TopicsController.swift */,
			);
			name = controllers;
			sourceTree = "<group>";
		};
		364AEBF61F5D56E3009BC686 /* layout */ = {
			isa = PBXGroup;
			children = (
				36E007081F5D269F00DB3B79 /* Main.storyboard */,
				36E0070D1F5D269F00DB3B79 /* LaunchScreen.storyboard */,
				364AEBF71F5D5716009BC686 /* NewTopicCell.swift */,
				364AEBF91F5D5727009BC686 /* TopicCell.swift */,
			);
			name = layout;
			sourceTree = "<group>";
		};
		364AEBFB1F5D6EDB009BC686 /* models */ = {
			isa = PBXGroup;
			children = (
				364AEBFD1F5D6F40009BC686 /* Topic.swift */,
			);
			name = models;
			sourceTree = "<group>";
		};
		364AEBFC1F5D6EEC009BC686 /* settings */ = {
			isa = PBXGroup;
			children = (
				36E007161F5D26D900DB3B79 /* FireChat.entitlements */,
				36E0070B1F5D269F00DB3B79 /* Assets.xcassets */,
				36E007101F5D269F00DB3B79 /* Info.plist */,
				364AEBEF1F5D29D3009BC686 /* GoogleService-Info.plist */,
				36E007041F5D269F00DB3B79 /* AppDelegate.swift */,
			);
			name = settings;
			sourceTree = "<group>";
		};
		36E006F81F5D269F00DB3B79 = {
			isa = PBXGroup;
			children = (
				36E007031F5D269F00DB3B79 /* FireChat */,
				36E007021F5D269F00DB3B79 /* Products */,
				AEF5BFD6139FB86D82FF7BF0 /* Pods */,
				98BD5451BEEAD42B50C5FA76 /* Frameworks */,
			);
			sourceTree = "<group>";
		};
		36E007021F5D269F00DB3B79 /* Products */ = {
			isa = PBXGroup;
			children = (
				36E007011F5D269F00DB3B79 /* FireChat.app */,
			);
			name = Products;
			sourceTree = "<group>";
		};
		36E007031F5D269F00DB3B79 /* FireChat */ = {
			isa = PBXGroup;
			children = (
				364AEBFC1F5D6EEC009BC686 /* settings */,
				364AEBFB1F5D6EDB009BC686 /* models */,
				364AEBF61F5D56E3009BC686 /* layout */,
				364AEBF11F5D35FF009BC686 /* controllers */,
			);
			path = FireChat;
			sourceTree = "<group>";
		};
		98BD5451BEEAD42B50C5FA76 /* Frameworks */ = {
			isa = PBXGroup;
			children = (
				932991AB3D5ABD1AADAA10BF /* Pods_FireChat.framework */,
			);
			name = Frameworks;
			sourceTree = "<group>";
		};
		AEF5BFD6139FB86D82FF7BF0 /* Pods */ = {
			isa = PBXGroup;
			children = (
				E2418D2880B2DC55CA591103 /* Pods-FireChat.debug.xcconfig */,
				1965AF203E40EE2C45E1B1AF /* Pods-FireChat.release.xcconfig */,
			);
			name = Pods;
			sourceTree = "<group>";
		};
/* End PBXGroup section */

/* Begin PBXNativeTarget section */
		36E007001F5D269F00DB3B79 /* FireChat */ = {
			isa = PBXNativeTarget;
			buildConfigurationList = 36E007131F5D269F00DB3B79 /* Build configuration list for PBXNativeTarget "FireChat" */;
			buildPhases = (
				91196ECE8D9D1157326A9A7B /* [CP] Check Pods Manifest.lock */,
				36E006FD1F5D269F00DB3B79 /* Sources */,
				36E006FE1F5D269F00DB3B79 /* Frameworks */,
				36E006FF1F5D269F00DB3B79 /* Resources */,
				AFCD9E70E47EBA217047B121 /* [CP] Embed Pods Frameworks */,
				21D151CBE59100E5C3A474C4 /* [CP] Copy Pods Resources */,
			);
			buildRules = (
			);
			dependencies = (
			);
			name = FireChat;
			productName = FireChat;
			productReference = 36E007011F5D269F00DB3B79 /* FireChat.app */;
			productType = "com.apple.product-type.application";
		};
/* End PBXNativeTarget section */

/* Begin PBXProject section */
		36E006F91F5D269F00DB3B79 /* Project object */ = {
			isa = PBXProject;
			attributes = {
				LastSwiftUpdateCheck = 0830;
				LastUpgradeCheck = 0830;
				ORGANIZATIONNAME = iTomerBu;
				TargetAttributes = {
					36E007001F5D269F00DB3B79 = {
						CreatedOnToolsVersion = 8.3.3;
						DevelopmentTeam = ZZX52DGZQ6;
						ProvisioningStyle = Automatic;
						SystemCapabilities = {
							com.apple.Keychain = {
								enabled = 1;
							};
						};
					};
				};
			};
			buildConfigurationList = 36E006FC1F5D269F00DB3B79 /* Build configuration list for PBXProject "FireChat" */;
			compatibilityVersion = "Xcode 3.2";
			developmentRegion = English;
			hasScannedForEncodings = 0;
			knownRegions = (
				en,
				Base,
			);
			mainGroup = 36E006F81F5D269F00DB3B79;
			productRefGroup = 36E007021F5D269F00DB3B79 /* Products */;
			projectDirPath = "";
			projectRoot = "";
			targets = (
				36E007001F5D269F00DB3B79 /* FireChat */,
			);
		};
/* End PBXProject section */

/* Begin PBXResourcesBuildPhase section */
		36E006FF1F5D269F00DB3B79 /* Resources */ = {
			isa = PBXResourcesBuildPhase;
			buildActionMask = 2147483647;
			files = (
				36E0070F1F5D269F00DB3B79 /* LaunchScreen.storyboard in Resources */,
				36E0070C1F5D269F00DB3B79 /* Assets.xcassets in Resources */,
				36E0070A1F5D269F00DB3B79 /* Main.storyboard in Resources */,
				364AEBF01F5D29D3009BC686 /* GoogleService-Info.plist in Resources */,
			);
			runOnlyForDeploymentPostprocessing = 0;
		};
/* End PBXResourcesBuildPhase section */

/* Begin PBXShellScriptBuildPhase section */
		21D151CBE59100E5C3A474C4 /* [CP] Copy Pods Resources */ = {
			isa = PBXShellScriptBuildPhase;
			buildActionMask = 2147483647;
			files = (
			);
			inputPaths = (
			);
			name = "[CP] Copy Pods Resources";
			outputPaths = (
			);
			runOnlyForDeploymentPostprocessing = 0;
			shellPath = /bin/sh;
			shellScript = "\"${SRCROOT}/Pods/Target Support Files/Pods-FireChat/Pods-FireChat-resources.sh\"\n";
			showEnvVarsInLog = 0;
		};
		91196ECE8D9D1157326A9A7B /* [CP] Check Pods Manifest.lock */ = {
			isa = PBXShellScriptBuildPhase;
			buildActionMask = 2147483647;
			files = (
			);
			inputPaths = (
				"${PODS_PODFILE_DIR_PATH}/Podfile.lock",
				"${PODS_ROOT}/Manifest.lock",
			);
			name = "[CP] Check Pods Manifest.lock";
			outputPaths = (
				"$(DERIVED_FILE_DIR)/Pods-FireChat-checkManifestLockResult.txt",
			);
			runOnlyForDeploymentPostprocessing = 0;
			shellPath = /bin/sh;
			shellScript = "diff \"${PODS_PODFILE_DIR_PATH}/Podfile.lock\" \"${PODS_ROOT}/Manifest.lock\" > /dev/null\nif [ $? != 0 ] ; then\n    # print error to STDERR\n    echo \"error: The sandbox is not in sync with the Podfile.lock. Run 'pod install' or update your CocoaPods installation.\" >&2\n    exit 1\nfi\n# This output is used by Xcode 'outputs' to avoid re-running this script phase.\necho \"SUCCESS\" > \"${SCRIPT_OUTPUT_FILE_0}\"\n";
			showEnvVarsInLog = 0;
		};
		AFCD9E70E47EBA217047B121 /* [CP] Embed Pods Frameworks */ = {
			isa = PBXShellScriptBuildPhase;
			buildActionMask = 2147483647;
			files = (
			);
			inputPaths = (
				"${SRCROOT}/Pods/Target Support Files/Pods-FireChat/Pods-FireChat-frameworks.sh",
				"${BUILT_PRODUCTS_DIR}/GTMSessionFetcher/GTMSessionFetcher.framework",
				"${BUILT_PRODUCTS_DIR}/GoogleToolboxForMac/GoogleToolboxForMac.framework",
				"${BUILT_PRODUCTS_DIR}/leveldb-library/leveldb.framework",
				"${BUILT_PRODUCTS_DIR}/nanopb/nanopb.framework",
			);
			name = "[CP] Embed Pods Frameworks";
			outputPaths = (
				"${TARGET_BUILD_DIR}/${FRAMEWORKS_FOLDER_PATH}/GTMSessionFetcher.framework",
				"${TARGET_BUILD_DIR}/${FRAMEWORKS_FOLDER_PATH}/GoogleToolboxForMac.framework",
				"${TARGET_BUILD_DIR}/${FRAMEWORKS_FOLDER_PATH}/leveldb.framework",
				"${TARGET_BUILD_DIR}/${FRAMEWORKS_FOLDER_PATH}/nanopb.framework",
			);
			runOnlyForDeploymentPostprocessing = 0;
			shellPath = /bin/sh;
			shellScript = "\"${SRCROOT}/Pods/Target Support Files/Pods-FireChat/Pods-FireChat-frameworks.sh\"\n";
			showEnvVarsInLog = 0;
		};
/* End PBXShellScriptBuildPhase section */

/* Begin PBXSourcesBuildPhase section */
		36E006FD1F5D269F00DB3B79 /* Sources */ = {
			isa = PBXSourcesBuildPhase;
			buildActionMask = 2147483647;
			files = (
				364AEBF31F5D4033009BC686 /* AnonymousLoginVC.swift in Sources */,
				364AEBFE1F5D6F40009BC686 /* Topic.swift in Sources */,
				36E007051F5D269F00DB3B79 /* AppDelegate.swift in Sources */,
				364AEBF81F5D5716009BC686 /* NewTopicCell.swift in Sources */,
				364AEBFA1F5D5727009BC686 /* TopicCell.swift in Sources */,
				364AEBF51F5D479D009BC686 /* TopicsController.swift in Sources */,
			);
			runOnlyForDeploymentPostprocessing = 0;
		};
/* End PBXSourcesBuildPhase section */

/* Begin PBXVariantGroup section */
		36E007081F5D269F00DB3B79 /* Main.storyboard */ = {
			isa = PBXVariantGroup;
			children = (
				36E007091F5D269F00DB3B79 /* Base */,
			);
			name = Main.storyboard;
			sourceTree = "<group>";
		};
		36E0070D1F5D269F00DB3B79 /* LaunchScreen.storyboard */ = {
			isa = PBXVariantGroup;
			children = (
				36E0070E1F5D269F00DB3B79 /* Base */,
			);
			name = LaunchScreen.storyboard;
			sourceTree = "<group>";
		};
/* End PBXVariantGroup section */

/* Begin XCBuildConfiguration section */
		36E007111F5D269F00DB3B79 /* Debug */ = {
			isa = XCBuildConfiguration;
			buildSettings = {
				ALWAYS_SEARCH_USER_PATHS = NO;
				CLANG_ANALYZER_NONNULL = YES;
				CLANG_ANALYZER_NUMBER_OBJECT_CONVERSION = YES_AGGRESSIVE;
				CLANG_CXX_LANGUAGE_STANDARD = "gnu++0x";
				CLANG_CXX_LIBRARY = "libc++";
				CLANG_ENABLE_MODULES = YES;
				CLANG_ENABLE_OBJC_ARC = YES;
				CLANG_WARN_BOOL_CONVERSION = YES;
				CLANG_WARN_CONSTANT_CONVERSION = YES;
				CLANG_WARN_DIRECT_OBJC_ISA_USAGE = YES_ERROR;
				CLANG_WARN_DOCUMENTATION_COMMENTS = YES;
				CLANG_WARN_EMPTY_BODY = YES;
				CLANG_WARN_ENUM_CONVERSION = YES;
				CLANG_WARN_INFINITE_RECURSION = YES;
				CLANG_WARN_INT_CONVERSION = YES;
				CLANG_WARN_OBJC_ROOT_CLASS = YES_ERROR;
				CLANG_WARN_SUSPICIOUS_MOVE = YES;
				CLANG_WARN_UNREACHABLE_CODE = YES;
				CLANG_WARN__DUPLICATE_METHOD_MATCH = YES;
				"CODE_SIGN_IDENTITY[sdk=iphoneos*]" = "iPhone Developer";
				COPY_PHASE_STRIP = NO;
				DEBUG_INFORMATION_FORMAT = dwarf;
				ENABLE_STRICT_OBJC_MSGSEND = YES;
				ENABLE_TESTABILITY = YES;
				GCC_C_LANGUAGE_STANDARD = gnu99;
				GCC_DYNAMIC_NO_PIC = NO;
				GCC_NO_COMMON_BLOCKS = YES;
				GCC_OPTIMIZATION_LEVEL = 0;
				GCC_PREPROCESSOR_DEFINITIONS = (
					"DEBUG=1",
					"$(inherited)",
				);
				GCC_WARN_64_TO_32_BIT_CONVERSION = YES;
				GCC_WARN_ABOUT_RETURN_TYPE = YES_ERROR;
				GCC_WARN_UNDECLARED_SELECTOR = YES;
				GCC_WARN_UNINITIALIZED_AUTOS = YES_AGGRESSIVE;
				GCC_WARN_UNUSED_FUNCTION = YES;
				GCC_WARN_UNUSED_VARIABLE = YES;
				IPHONEOS_DEPLOYMENT_TARGET = 10.3;
				MTL_ENABLE_DEBUG_INFO = YES;
				ONLY_ACTIVE_ARCH = YES;
				SDKROOT = iphoneos;
				SWIFT_ACTIVE_COMPILATION_CONDITIONS = DEBUG;
				SWIFT_OPTIMIZATION_LEVEL = "-Onone";
				TARGETED_DEVICE_FAMILY = "1,2";
			};
			name = Debug;
		};
		36E007121F5D269F00DB3B79 /* Release */ = {
			isa = XCBuildConfiguration;
			buildSettings = {
				ALWAYS_SEARCH_USER_PATHS = NO;
				CLANG_ANALYZER_NONNULL = YES;
				CLANG_ANALYZER_NUMBER_OBJECT_CONVERSION = YES_AGGRESSIVE;
				CLANG_CXX_LANGUAGE_STANDARD = "gnu++0x";
				CLANG_CXX_LIBRARY = "libc++";
				CLANG_ENABLE_MODULES = YES;
				CLANG_ENABLE_OBJC_ARC = YES;
				CLANG_WARN_BOOL_CONVERSION = YES;
				CLANG_WARN_CONSTANT_CONVERSION = YES;
				CLANG_WARN_DIRECT_OBJC_ISA_USAGE = YES_ERROR;
				CLANG_WARN_DOCUMENTATION_COMMENTS = YES;
				CLANG_WARN_EMPTY_BODY = YES;
				CLANG_WARN_ENUM_CONVERSION = YES;
				CLANG_WARN_INFINITE_RECURSION = YES;
				CLANG_WARN_INT_CONVERSION = YES;
				CLANG_WARN_OBJC_ROOT_CLASS = YES_ERROR;
				CLANG_WARN_SUSPICIOUS_MOVE = YES;
				CLANG_WARN_UNREACHABLE_CODE = YES;
				CLANG_WARN__DUPLICATE_METHOD_MATCH = YES;
				"CODE_SIGN_IDENTITY[sdk=iphoneos*]" = "iPhone Developer";
				COPY_PHASE_STRIP = NO;
				DEBUG_INFORMATION_FORMAT = "dwarf-with-dsym";
				ENABLE_NS_ASSERTIONS = NO;
				ENABLE_STRICT_OBJC_MSGSEND = YES;
				GCC_C_LANGUAGE_STANDARD = gnu99;
				GCC_NO_COMMON_BLOCKS = YES;
				GCC_WARN_64_TO_32_BIT_CONVERSION = YES;
				GCC_WARN_ABOUT_RETURN_TYPE = YES_ERROR;
				GCC_WARN_UNDECLARED_SELECTOR = YES;
				GCC_WARN_UNINITIALIZED_AUTOS = YES_AGGRESSIVE;
				GCC_WARN_UNUSED_FUNCTION = YES;
				GCC_WARN_UNUSED_VARIABLE = YES;
				IPHONEOS_DEPLOYMENT_TARGET = 10.3;
				MTL_ENABLE_DEBUG_INFO = NO;
				SDKROOT = iphoneos;
				SWIFT_OPTIMIZATION_LEVEL = "-Owholemodule";
				TARGETED_DEVICE_FAMILY = "1,2";
				VALIDATE_PRODUCT = YES;
			};
			name = Release;
		};
		36E007141F5D269F00DB3B79 /* Debug */ = {
			isa = XCBuildConfiguration;
			baseConfigurationReference = E2418D2880B2DC55CA591103 /* Pods-FireChat.debug.xcconfig */;
			buildSettings = {
				ASSETCATALOG_COMPILER_APPICON_NAME = AppIcon;
				CODE_SIGN_ENTITLEMENTS = FireChat/FireChat.entitlements;
				DEVELOPMENT_TEAM = ZZX52DGZQ6;
				INFOPLIST_FILE = FireChat/Info.plist;
				LD_RUNPATH_SEARCH_PATHS = "$(inherited) @executable_path/Frameworks";
				PRODUCT_BUNDLE_IDENTIFIER = iTomerBu.FireChat;
				PRODUCT_NAME = "$(TARGET_NAME)";
				SWIFT_VERSION = 3.0;
			};
			name = Debug;
		};
		36E007151F5D269F00DB3B79 /* Release */ = {
			isa = XCBuildConfiguration;
			baseConfigurationReference = 1965AF203E40EE2C45E1B1AF /* Pods-FireChat.release.xcconfig */;
			buildSettings = {
				ASSETCATALOG_COMPILER_APPICON_NAME = AppIcon;
				CODE_SIGN_ENTITLEMENTS = FireChat/FireChat.entitlements;
				DEVELOPMENT_TEAM = ZZX52DGZQ6;
				INFOPLIST_FILE = FireChat/Info.plist;
				LD_RUNPATH_SEARCH_PATHS = "$(inherited) @executable_path/Frameworks";
				PRODUCT_BUNDLE_IDENTIFIER = iTomerBu.FireChat;
				PRODUCT_NAME = "$(TARGET_NAME)";
				SWIFT_VERSION = 3.0;
			};
			name = Release;
		};
/* End XCBuildConfiguration section */

/* Begin XCConfigurationList section */
		36E006FC1F5D269F00DB3B79 /* Build configuration list for PBXProject "FireChat" */ = {
			isa = XCConfigurationList;
			buildConfigurations = (
				36E007111F5D269F00DB3B79 /* Debug */,
				36E007121F5D269F00DB3B79 /* Release */,
			);
			defaultConfigurationIsVisible = 0;
			defaultConfigurationName = Release;
		};
		36E007131F5D269F00DB3B79 /* Build configuration list for PBXNativeTarget "FireChat" */ = {
			isa = XCConfigurationList;
			buildConfigurations = (
				36E007141F5D269F00DB3B79 /* Debug */,
				36E007151F5D269F00DB3B79 /* Release */,
			);
			defaultConfigurationIsVisible = 0;
			defaultConfigurationName = Release;
		};
/* End XCConfigurationList section */
	};
	rootObject = 36E006F91F5D269F00DB3B79 /* Project object */;
}
